github.com/beglaryh/gocommon v0.0.1 h1:XEatdrSeagr13c16OGNRS0EqOg9Jmh1dZnIr0hIulCc=
github.com/beglaryh/gocommon v0.0.1/go.mod h1:AAUuNTwgxPbOtD9qpoU6lg1EJ7U3Awvc8BaSkRMfJOA=
github.com/beglaryh/gocommon v0.0.2 h1:lgfzM2OKVKvdi18/1/AC+Fp0vFZv7To3WMe4sR+TjBg=
github.com/beglaryh/gocommon v0.0.2/go.mod h1:AAUuNTwgxPbOtD9qpoU6lg1EJ7U3Awvc8BaSkRMfJOA=
