github.com/beglaryh/gocommon v1.0.7 h1:uNj+dniQtjsuj3HeYWaWJxE8ifoqcTbve7BXhuhS2gQ=
github.com/beglaryh/gocommon v1.0.7/go.mod h1:AAUuNTwgxPbOtD9qpoU6lg1EJ7U3Awvc8BaSkRMfJOA=
github.com/beglaryh/gocommon v1.0.19 h1:hff65Lk7xWj4R6Su+ZHBY7AwDJvEeYIV4TEv1DWV+oY=
github.com/beglaryh/gocommon v1.0.19/go.mod h1:v1+4sDA1g2Zjp3JF67CawtfDG6fJTAFNEfDjS7hwJg0=
